
Microsoft Visual Studio Solution File, Format Version 12.00
# Visual Studio Version 17
VisualStudioVersion = 17.1.32228.430
MinimumVisualStudioVersion = 10.0.40219.1
Project("{9A19103F-16F7-4668-BE54-9A1E7A4F7556}") = "RegisterActivity", "RegisterActivity\RegisterActivity.csproj", "{AFF9490B-8D3F-4BD6-8E8C-011E11FD5A2C}"
EndProject
Project("{9A19103F-16F7-4668-BE54-9A1E7A4F7556}") = "Topelab.RegisterActivity.Domain", "Topelab.RegisterActivity.Domain\Topelab.RegisterActivity.Domain.csproj", "{09BE6FBA-FC89-4F6F-99E3-BD2FFCEF5B98}"
EndProject
Project("{9A19103F-16F7-4668-BE54-9A1E7A4F7556}") = "Topelab.RegisterActivity.Adapters", "Topelab.RegisterActivity.Adapters\Topelab.RegisterActivity.Adapters.csproj", "{752B4110-4A0E-4AB1-8B28-ED9BC862351E}"
EndProject
Project("{9A19103F-16F7-4668-BE54-9A1E7A4F7556}") = "RegisterActivityServices", "RegisterActivityServices\RegisterActivityServices.csproj", "{70C4EB2A-A339-4636-8395-3F7BB81E86CF}"
EndProject
Global
	GlobalSection(SolutionConfigurationPlatforms) = preSolution
		Debug|Any CPU = Debug|Any CPU
		Release|Any CPU = Release|Any CPU
	EndGlobalSection
	GlobalSection(ProjectConfigurationPlatforms) = postSolution
		{AFF9490B-8D3F-4BD6-8E8C-011E11FD5A2C}.Debug|Any CPU.ActiveCfg = Debug|Any CPU
		{AFF9490B-8D3F-4BD6-8E8C-011E11FD5A2C}.Debug|Any CPU.Build.0 = Debug|Any CPU
		{AFF9490B-8D3F-4BD6-8E8C-011E11FD5A2C}.Release|Any CPU.ActiveCfg = Release|Any CPU
		{AFF9490B-8D3F-4BD6-8E8C-011E11FD5A2C}.Release|Any CPU.Build.0 = Release|Any CPU
		{09BE6FBA-FC89-4F6F-99E3-BD2FFCEF5B98}.Debug|Any CPU.ActiveCfg = Debug|Any CPU
		{09BE6FBA-FC89-4F6F-99E3-BD2FFCEF5B98}.Debug|Any CPU.Build.0 = Debug|Any CPU
		{09BE6FBA-FC89-4F6F-99E3-BD2FFCEF5B98}.Release|Any CPU.ActiveCfg = Release|Any CPU
		{09BE6FBA-FC89-4F6F-99E3-BD2FFCEF5B98}.Release|Any CPU.Build.0 = Release|Any CPU
		{752B4110-4A0E-4AB1-8B28-ED9BC862351E}.Debug|Any CPU.ActiveCfg = Debug|Any CPU
		{752B4110-4A0E-4AB1-8B28-ED9BC862351E}.Debug|Any CPU.Build.0 = Debug|Any CPU
		{752B4110-4A0E-4AB1-8B28-ED9BC862351E}.Release|Any CPU.ActiveCfg = Release|Any CPU
		{752B4110-4A0E-4AB1-8B28-ED9BC862351E}.Release|Any CPU.Build.0 = Release|Any CPU
		{70C4EB2A-A339-4636-8395-3F7BB81E86CF}.Debug|Any CPU.ActiveCfg = Debug|Any CPU
		{70C4EB2A-A339-4636-8395-3F7BB81E86CF}.Debug|Any CPU.Build.0 = Debug|Any CPU
		{70C4EB2A-A339-4636-8395-3F7BB81E86CF}.Release|Any CPU.ActiveCfg = Release|Any CPU
		{70C4EB2A-A339-4636-8395-3F7BB81E86CF}.Release|Any CPU.Build.0 = Release|Any CPU
	EndGlobalSection
	GlobalSection(SolutionProperties) = preSolution
		HideSolutionNode = FALSE
	EndGlobalSection
	GlobalSection(ExtensibilityGlobals) = postSolution
		SolutionGuid = {B69BA680-B791-4CA8-9875-03C75FA53E73}
	EndGlobalSection
EndGlobal
