
Microsoft Visual Studio Solution File, Format Version 12.00
# Visual Studio Version 17
VisualStudioVersion = 17.1.32228.430
MinimumVisualStudioVersion = 10.0.40219.1
Project("{9A19103F-16F7-4668-BE54-9A1E7A4F7556}") = "RegisterActivity", "RegisterActivity\RegisterActivity.csproj", "{AFF9490B-8D3F-4BD6-8E8C-011E11FD5A2C}"
EndProject
Project("{9A19103F-16F7-4668-BE54-9A1E7A4F7556}") = "Topelab.RegisterActivity.Domain", "Topelab.RegisterActivity.Domain\Topelab.RegisterActivity.Domain.csproj", "{09BE6FBA-FC89-4F6F-99E3-BD2FFCEF5B98}"
EndProject
Project("{9A19103F-16F7-4668-BE54-9A1E7A4F7556}") = "Topelab.RegisterActivity.Adapters", "Topelab.RegisterActivity.Adapters\Topelab.RegisterActivity.Adapters.csproj", "{752B4110-4A0E-4AB1-8B28-ED9BC862351E}"
EndProject
Project("{9A19103F-16F7-4668-BE54-9A1E7A4F7556}") = "Topelab.RegisterActivity.Business", "Topelab.RegisterActivity.Business\Topelab.RegisterActivity.Business.csproj", "{0C3C2A17-EFC6-441E-9CED-488F6172DA4B}"
EndProject
Project("{9A19103F-16F7-4668-BE54-9A1E7A4F7556}") = "Topelab.RegisterActivity.Adapters.Tests", "Topelab.RegisterActivity.Adapters.Tests\Topelab.RegisterActivity.Adapters.Tests.csproj", "{1910D1F6-787D-427D-A3DB-FA64D0A1CDEF}"
EndProject
Project("{9A19103F-16F7-4668-BE54-9A1E7A4F7556}") = "Topelab.RegisterActivity.Tools", "Topelab.RegisterActivity.Tools\Topelab.RegisterActivity.Tools.csproj", "{75CAC53F-11C6-4CA8-BCD0-10908A712FE9}"
EndProject
Global
	GlobalSection(SolutionConfigurationPlatforms) = preSolution
		Debug|Any CPU = Debug|Any CPU
		Release|Any CPU = Release|Any CPU
	EndGlobalSection
	GlobalSection(ProjectConfigurationPlatforms) = postSolution
		{AFF9490B-8D3F-4BD6-8E8C-011E11FD5A2C}.Debug|Any CPU.ActiveCfg = Debug|Any CPU
		{AFF9490B-8D3F-4BD6-8E8C-011E11FD5A2C}.Debug|Any CPU.Build.0 = Debug|Any CPU
		{AFF9490B-8D3F-4BD6-8E8C-011E11FD5A2C}.Release|Any CPU.ActiveCfg = Release|Any CPU
		{AFF9490B-8D3F-4BD6-8E8C-011E11FD5A2C}.Release|Any CPU.Build.0 = Release|Any CPU
		{09BE6FBA-FC89-4F6F-99E3-BD2FFCEF5B98}.Debug|Any CPU.ActiveCfg = Debug|Any CPU
		{09BE6FBA-FC89-4F6F-99E3-BD2FFCEF5B98}.Debug|Any CPU.Build.0 = Debug|Any CPU
		{09BE6FBA-FC89-4F6F-99E3-BD2FFCEF5B98}.Release|Any CPU.ActiveCfg = Release|Any CPU
		{09BE6FBA-FC89-4F6F-99E3-BD2FFCEF5B98}.Release|Any CPU.Build.0 = Release|Any CPU
		{752B4110-4A0E-4AB1-8B28-ED9BC862351E}.Debug|Any CPU.ActiveCfg = Debug|Any CPU
		{752B4110-4A0E-4AB1-8B28-ED9BC862351E}.Debug|Any CPU.Build.0 = Debug|Any CPU
		{752B4110-4A0E-4AB1-8B28-ED9BC862351E}.Release|Any CPU.ActiveCfg = Release|Any CPU
		{752B4110-4A0E-4AB1-8B28-ED9BC862351E}.Release|Any CPU.Build.0 = Release|Any CPU
		{0C3C2A17-EFC6-441E-9CED-488F6172DA4B}.Debug|Any CPU.ActiveCfg = Debug|Any CPU
		{0C3C2A17-EFC6-441E-9CED-488F6172DA4B}.Debug|Any CPU.Build.0 = Debug|Any CPU
		{0C3C2A17-EFC6-441E-9CED-488F6172DA4B}.Release|Any CPU.ActiveCfg = Release|Any CPU
		{0C3C2A17-EFC6-441E-9CED-488F6172DA4B}.Release|Any CPU.Build.0 = Release|Any CPU
		{1910D1F6-787D-427D-A3DB-FA64D0A1CDEF}.Debug|Any CPU.ActiveCfg = Debug|Any CPU
		{1910D1F6-787D-427D-A3DB-FA64D0A1CDEF}.Debug|Any CPU.Build.0 = Debug|Any CPU
		{1910D1F6-787D-427D-A3DB-FA64D0A1CDEF}.Release|Any CPU.ActiveCfg = Release|Any CPU
		{1910D1F6-787D-427D-A3DB-FA64D0A1CDEF}.Release|Any CPU.Build.0 = Release|Any CPU
		{75CAC53F-11C6-4CA8-BCD0-10908A712FE9}.Debug|Any CPU.ActiveCfg = Debug|Any CPU
		{75CAC53F-11C6-4CA8-BCD0-10908A712FE9}.Debug|Any CPU.Build.0 = Debug|Any CPU
		{75CAC53F-11C6-4CA8-BCD0-10908A712FE9}.Release|Any CPU.ActiveCfg = Release|Any CPU
		{75CAC53F-11C6-4CA8-BCD0-10908A712FE9}.Release|Any CPU.Build.0 = Release|Any CPU
	EndGlobalSection
	GlobalSection(SolutionProperties) = preSolution
		HideSolutionNode = FALSE
	EndGlobalSection
	GlobalSection(ExtensibilityGlobals) = postSolution
		SolutionGuid = {B69BA680-B791-4CA8-9875-03C75FA53E73}
	EndGlobalSection
EndGlobal
